github.com/SaviorsSocialRugby/blowfish-saviors v0.0.0-20250418100035-1e38318f54b9 h1:kONNFylecYl1SMTMkftHrxODGNg/3E0v8SkczJV3aOM=
github.com/SaviorsSocialRugby/blowfish-saviors v0.0.0-20250418100035-1e38318f54b9/go.mod h1:y2LrKsqMClrIqkkEDdT9j9/gVmFFSVfQRzeHo5MWw50=
github.com/SaviorsSocialRugby/blowfish-saviors v0.0.0-20250913201644-6d0399873ba3 h1:7RTPk2x5Y5DeaXPhi3rIYN1WntJ2u6h/h1QkuBr+aUg=
github.com/SaviorsSocialRugby/blowfish-saviors v0.0.0-20250913201644-6d0399873ba3/go.mod h1:y2LrKsqMClrIqkkEDdT9j9/gVmFFSVfQRzeHo5MWw50=
github.com/SaviorsSocialRugby/blowfish-saviors v0.0.0-20250915205713-d65b5e6c2bf8 h1:hPqpop7zyIWRVqyyx3eGPh9Ecgh3Jb/npgZZQySUEZg=
github.com/SaviorsSocialRugby/blowfish-saviors v0.0.0-20250915205713-d65b5e6c2bf8/go.mod h1:y2LrKsqMClrIqkkEDdT9j9/gVmFFSVfQRzeHo5MWw50=
github.com/SaviorsSocialRugby/blowfish-saviors v0.0.0-20250915211222-415d3fee5cbf h1:6V2YCff4KCrlBs0ElHfjtua07h69NPnUMw4WTq4gbwI=
github.com/SaviorsSocialRugby/blowfish-saviors v0.0.0-20250915211222-415d3fee5cbf/go.mod h1:y2LrKsqMClrIqkkEDdT9j9/gVmFFSVfQRzeHo5MWw50=
github.com/SaviorsSocialRugby/blowfish-saviors v0.0.0-20250929041953-5feff949b7ab h1:oFYjZp6zxVCfoUmsbRc2lJWPH9lEBRYM3SW0qgFkm5I=
github.com/SaviorsSocialRugby/blowfish-saviors v0.0.0-20250929041953-5feff949b7ab/go.mod h1:y2LrKsqMClrIqkkEDdT9j9/gVmFFSVfQRzeHo5MWw50=
