github.com/SaviorsSocialRugby/blowfish-saviors v0.0.0-20231116203310-764ce924e10d h1:ge2BytHTdZydsH0oAdHUyj72rk8qFUz+/SZ1VmyAh7c=
github.com/SaviorsSocialRugby/blowfish-saviors v0.0.0-20231116203310-764ce924e10d/go.mod h1:y2LrKsqMClrIqkkEDdT9j9/gVmFFSVfQRzeHo5MWw50=
github.com/SaviorsSocialRugby/blowfish-saviors v0.0.0-20231116205619-6c02970a2260 h1:sHvsOsRtn0gjDhYSGwpkbdCTumZ/T58A19qzYwCR4d4=
github.com/SaviorsSocialRugby/blowfish-saviors v0.0.0-20231116205619-6c02970a2260/go.mod h1:y2LrKsqMClrIqkkEDdT9j9/gVmFFSVfQRzeHo5MWw50=
